
Microsoft Visual Studio Solution File, Format Version 12.00
# Visual Studio 2012
Project("{2150E333-8FDC-42A3-9474-1A3956D46DE8}") = "Business", "Business", "{A6969B57-8791-4E82-B862-849C4AEE0017}"
EndProject
Project("{2150E333-8FDC-42A3-9474-1A3956D46DE8}") = "Presentation", "Presentation", "{793EE94F-92C4-4FB8-AD3B-28D4CCB96CA2}"
EndProject
Project("{2150E333-8FDC-42A3-9474-1A3956D46DE8}") = "Hosts", "Hosts", "{7805F82F-8911-43DD-8A05-9E7F92BF0FCA}"
EndProject
Project("{2150E333-8FDC-42A3-9474-1A3956D46DE8}") = "Shared", "Shared", "{CB2A1B38-FBD6-4A7B-9CF7-2A07652A6267}"
EndProject
Project("{2150E333-8FDC-42A3-9474-1A3956D46DE8}") = "Tests", "Tests", "{643A7A92-BBBD-4F91-AD86-04106B63FD9D}"
EndProject
Project("{2150E333-8FDC-42A3-9474-1A3956D46DE8}") = "Architecture", "Architecture", "{80BFC388-9C5F-4C46-97E0-49A7A3CF3BA0}"
EndProject
Project("{FAE04EC0-301F-11D3-BF4B-00C04F79EFBC}") = "SBiPayrollWeb.UI.MVC", "Presentation\SBiPayrollWeb.UI.MVC\SBiPayrollWeb.UI.MVC.csproj", "{8747598F-A316-4A39-B232-ADCDB3AE3DE6}"
EndProject
Project("{FAE04EC0-301F-11D3-BF4B-00C04F79EFBC}") = "SBiPayrollWeb.UI.MVC.Tests", "Presentation\SBiPayrollWeb.UI.MVC.Tests\SBiPayrollWeb.UI.MVC.Tests.csproj", "{8B7BA7D9-B813-4631-8AB1-474D979BD899}"
EndProject
Project("{FAE04EC0-301F-11D3-BF4B-00C04F79EFBC}") = "SBiPayrollWeb.Framework", "Shared\SBiPayrollWeb.Framework\SBiPayrollWeb.Framework.csproj", "{B0FAFC30-CDE7-41BB-8F35-4EC6B0C656ED}"
EndProject
Project("{FAE04EC0-301F-11D3-BF4B-00C04F79EFBC}") = "SBiPayrollWeb.Entities", "Shared\SBiPayrollWeb.Entities\SBiPayrollWeb.Entities.csproj", "{0807DFF2-F829-4265-8F73-26C9B936BA45}"
EndProject
Project("{2150E333-8FDC-42A3-9474-1A3956D46DE8}") = "Data", "Data", "{28765D60-84B1-4F87-B7EC-A10F0205BF26}"
EndProject
Project("{FAE04EC0-301F-11D3-BF4B-00C04F79EFBC}") = "SBiPayrollWeb.Data", "Data\SBiPayrollWeb.Data\SBiPayrollWeb.Data.csproj", "{354E6099-F5EB-49EE-9B70-FF84229CFB6E}"
EndProject
Project("{FAE04EC0-301F-11D3-BF4B-00C04F79EFBC}") = "SBiPayrollWeb.Data.Agents", "Data\SBiPayrollWeb.Data.Agents\SBiPayrollWeb.Data.Agents.csproj", "{E62BC835-F665-4AB7-A894-4EECBEAE3D18}"
EndProject
Project("{FAE04EC0-301F-11D3-BF4B-00C04F79EFBC}") = "SBiPayrollWeb.Business", "Business\SBiPayrollWeb.Business\SBiPayrollWeb.Business.csproj", "{0BC1506A-01E5-455B-B4A9-CF446C1B1022}"
EndProject
Project("{FAE04EC0-301F-11D3-BF4B-00C04F79EFBC}") = "SBiPayrollWeb.Workflows.Activities", "Business\SBiPayrollWeb.Workflows.Activities\SBiPayrollWeb.Workflows.Activities.csproj", "{98EC024C-6439-44B1-8B1E-29E457B2201F}"
EndProject
Project("{FAE04EC0-301F-11D3-BF4B-00C04F79EFBC}") = "SBiPayrollWeb.Workflows.Designers", "Business\SBiPayrollWeb.Workflows.Designers\SBiPayrollWeb.Workflows.Designers.csproj", "{74B1D8A3-B6ED-4ABB-AD01-FFDEFB494A54}"
EndProject
Project("{FAE04EC0-301F-11D3-BF4B-00C04F79EFBC}") = "SBiPayrollWeb.Workflows", "Business\SBiPayrollWeb.Workflows\SBiPayrollWeb.Workflows.csproj", "{894C806A-A4F1-4792-89C9-A02B99C211DA}"
EndProject
Project("{2150E333-8FDC-42A3-9474-1A3956D46DE8}") = "Services", "Services", "{3922E4E9-091A-4CAD-9406-AE4B6E52F1FF}"
EndProject
Project("{FAE04EC0-301F-11D3-BF4B-00C04F79EFBC}") = "SBiPayrollWeb.Services.Contracts", "Services\SBiPayrollWeb.Services.Contracts\SBiPayrollWeb.Services.Contracts.csproj", "{C113E21B-7A69-4F5B-95DB-9C51E932509F}"
EndProject
Project("{FAE04EC0-301F-11D3-BF4B-00C04F79EFBC}") = "SBiPayrollWeb.Services", "Services\SBiPayrollWeb.Services\SBiPayrollWeb.Services.csproj", "{03EB5C1E-C058-42E4-A871-5AFDC45617E0}"
EndProject
Project("{FAE04EC0-301F-11D3-BF4B-00C04F79EFBC}") = "SBiPayrollWeb.Hosts.Web", "Hosts\SBiPayrollWeb.Hosts.Web\SBiPayrollWeb.Hosts.Web.csproj", "{FDC4EBB5-8271-415F-8367-E384B5E16F4A}"
EndProject
Project("{FAE04EC0-301F-11D3-BF4B-00C04F79EFBC}") = "SBiPayrollWeb.Test", "Tests\SBiPayrollWeb.Test\SBiPayrollWeb.Test.csproj", "{48EE3DA8-865B-42B4-8A67-F937C52F5DD9}"
EndProject
Project("{F088123C-0E9E-452A-89E6-6BA2F21D5CAC}") = "SBiPayrollWeb.Modeling", "Architecture\SBiPayrollWeb.Modeling\SBiPayrollWeb.Modeling.modelproj", "{4865CB23-0723-40D3-A5C4-57D9C33FD82D}"
EndProject
Project("{2150E333-8FDC-42A3-9474-1A3956D46DE8}") = ".nuget", ".nuget", "{2E461526-91F8-4CBB-8466-03164918CA86}"
	ProjectSection(SolutionItems) = preProject
		.nuget\NuGet.Config = .nuget\NuGet.Config
		.nuget\NuGet.exe = .nuget\NuGet.exe
		.nuget\NuGet.targets = .nuget\NuGet.targets
	EndProjectSection
EndProject
Global
	GlobalSection(SolutionConfigurationPlatforms) = preSolution
		Debug|Any CPU = Debug|Any CPU
		Release|Any CPU = Release|Any CPU
	EndGlobalSection
	GlobalSection(ProjectConfigurationPlatforms) = postSolution
		{8747598F-A316-4A39-B232-ADCDB3AE3DE6}.Debug|Any CPU.ActiveCfg = Debug|Any CPU
		{8747598F-A316-4A39-B232-ADCDB3AE3DE6}.Debug|Any CPU.Build.0 = Debug|Any CPU
		{8747598F-A316-4A39-B232-ADCDB3AE3DE6}.Release|Any CPU.ActiveCfg = Release|Any CPU
		{8747598F-A316-4A39-B232-ADCDB3AE3DE6}.Release|Any CPU.Build.0 = Release|Any CPU
		{8B7BA7D9-B813-4631-8AB1-474D979BD899}.Debug|Any CPU.ActiveCfg = Debug|Any CPU
		{8B7BA7D9-B813-4631-8AB1-474D979BD899}.Debug|Any CPU.Build.0 = Debug|Any CPU
		{8B7BA7D9-B813-4631-8AB1-474D979BD899}.Release|Any CPU.ActiveCfg = Release|Any CPU
		{8B7BA7D9-B813-4631-8AB1-474D979BD899}.Release|Any CPU.Build.0 = Release|Any CPU
		{B0FAFC30-CDE7-41BB-8F35-4EC6B0C656ED}.Debug|Any CPU.ActiveCfg = Debug|Any CPU
		{B0FAFC30-CDE7-41BB-8F35-4EC6B0C656ED}.Debug|Any CPU.Build.0 = Debug|Any CPU
		{B0FAFC30-CDE7-41BB-8F35-4EC6B0C656ED}.Release|Any CPU.ActiveCfg = Release|Any CPU
		{B0FAFC30-CDE7-41BB-8F35-4EC6B0C656ED}.Release|Any CPU.Build.0 = Release|Any CPU
		{0807DFF2-F829-4265-8F73-26C9B936BA45}.Debug|Any CPU.ActiveCfg = Debug|Any CPU
		{0807DFF2-F829-4265-8F73-26C9B936BA45}.Debug|Any CPU.Build.0 = Debug|Any CPU
		{0807DFF2-F829-4265-8F73-26C9B936BA45}.Release|Any CPU.ActiveCfg = Release|Any CPU
		{0807DFF2-F829-4265-8F73-26C9B936BA45}.Release|Any CPU.Build.0 = Release|Any CPU
		{354E6099-F5EB-49EE-9B70-FF84229CFB6E}.Debug|Any CPU.ActiveCfg = Debug|Any CPU
		{354E6099-F5EB-49EE-9B70-FF84229CFB6E}.Debug|Any CPU.Build.0 = Debug|Any CPU
		{354E6099-F5EB-49EE-9B70-FF84229CFB6E}.Release|Any CPU.ActiveCfg = Release|Any CPU
		{354E6099-F5EB-49EE-9B70-FF84229CFB6E}.Release|Any CPU.Build.0 = Release|Any CPU
		{E62BC835-F665-4AB7-A894-4EECBEAE3D18}.Debug|Any CPU.ActiveCfg = Debug|Any CPU
		{E62BC835-F665-4AB7-A894-4EECBEAE3D18}.Debug|Any CPU.Build.0 = Debug|Any CPU
		{E62BC835-F665-4AB7-A894-4EECBEAE3D18}.Release|Any CPU.ActiveCfg = Release|Any CPU
		{E62BC835-F665-4AB7-A894-4EECBEAE3D18}.Release|Any CPU.Build.0 = Release|Any CPU
		{0BC1506A-01E5-455B-B4A9-CF446C1B1022}.Debug|Any CPU.ActiveCfg = Debug|Any CPU
		{0BC1506A-01E5-455B-B4A9-CF446C1B1022}.Debug|Any CPU.Build.0 = Debug|Any CPU
		{0BC1506A-01E5-455B-B4A9-CF446C1B1022}.Release|Any CPU.ActiveCfg = Release|Any CPU
		{0BC1506A-01E5-455B-B4A9-CF446C1B1022}.Release|Any CPU.Build.0 = Release|Any CPU
		{98EC024C-6439-44B1-8B1E-29E457B2201F}.Debug|Any CPU.ActiveCfg = Debug|Any CPU
		{98EC024C-6439-44B1-8B1E-29E457B2201F}.Debug|Any CPU.Build.0 = Debug|Any CPU
		{98EC024C-6439-44B1-8B1E-29E457B2201F}.Release|Any CPU.ActiveCfg = Release|Any CPU
		{98EC024C-6439-44B1-8B1E-29E457B2201F}.Release|Any CPU.Build.0 = Release|Any CPU
		{74B1D8A3-B6ED-4ABB-AD01-FFDEFB494A54}.Debug|Any CPU.ActiveCfg = Debug|Any CPU
		{74B1D8A3-B6ED-4ABB-AD01-FFDEFB494A54}.Debug|Any CPU.Build.0 = Debug|Any CPU
		{74B1D8A3-B6ED-4ABB-AD01-FFDEFB494A54}.Release|Any CPU.ActiveCfg = Release|Any CPU
		{74B1D8A3-B6ED-4ABB-AD01-FFDEFB494A54}.Release|Any CPU.Build.0 = Release|Any CPU
		{894C806A-A4F1-4792-89C9-A02B99C211DA}.Debug|Any CPU.ActiveCfg = Debug|Any CPU
		{894C806A-A4F1-4792-89C9-A02B99C211DA}.Debug|Any CPU.Build.0 = Debug|Any CPU
		{894C806A-A4F1-4792-89C9-A02B99C211DA}.Release|Any CPU.ActiveCfg = Release|Any CPU
		{894C806A-A4F1-4792-89C9-A02B99C211DA}.Release|Any CPU.Build.0 = Release|Any CPU
		{C113E21B-7A69-4F5B-95DB-9C51E932509F}.Debug|Any CPU.ActiveCfg = Debug|Any CPU
		{C113E21B-7A69-4F5B-95DB-9C51E932509F}.Debug|Any CPU.Build.0 = Debug|Any CPU
		{C113E21B-7A69-4F5B-95DB-9C51E932509F}.Release|Any CPU.ActiveCfg = Release|Any CPU
		{C113E21B-7A69-4F5B-95DB-9C51E932509F}.Release|Any CPU.Build.0 = Release|Any CPU
		{03EB5C1E-C058-42E4-A871-5AFDC45617E0}.Debug|Any CPU.ActiveCfg = Debug|Any CPU
		{03EB5C1E-C058-42E4-A871-5AFDC45617E0}.Debug|Any CPU.Build.0 = Debug|Any CPU
		{03EB5C1E-C058-42E4-A871-5AFDC45617E0}.Release|Any CPU.ActiveCfg = Release|Any CPU
		{03EB5C1E-C058-42E4-A871-5AFDC45617E0}.Release|Any CPU.Build.0 = Release|Any CPU
		{FDC4EBB5-8271-415F-8367-E384B5E16F4A}.Debug|Any CPU.ActiveCfg = Debug|Any CPU
		{FDC4EBB5-8271-415F-8367-E384B5E16F4A}.Debug|Any CPU.Build.0 = Debug|Any CPU
		{FDC4EBB5-8271-415F-8367-E384B5E16F4A}.Release|Any CPU.ActiveCfg = Release|Any CPU
		{FDC4EBB5-8271-415F-8367-E384B5E16F4A}.Release|Any CPU.Build.0 = Release|Any CPU
		{48EE3DA8-865B-42B4-8A67-F937C52F5DD9}.Debug|Any CPU.ActiveCfg = Debug|Any CPU
		{48EE3DA8-865B-42B4-8A67-F937C52F5DD9}.Debug|Any CPU.Build.0 = Debug|Any CPU
		{48EE3DA8-865B-42B4-8A67-F937C52F5DD9}.Release|Any CPU.ActiveCfg = Release|Any CPU
		{48EE3DA8-865B-42B4-8A67-F937C52F5DD9}.Release|Any CPU.Build.0 = Release|Any CPU
		{4865CB23-0723-40D3-A5C4-57D9C33FD82D}.Debug|Any CPU.ActiveCfg = Debug|Any CPU
		{4865CB23-0723-40D3-A5C4-57D9C33FD82D}.Debug|Any CPU.Build.0 = Debug|Any CPU
		{4865CB23-0723-40D3-A5C4-57D9C33FD82D}.Release|Any CPU.ActiveCfg = Release|Any CPU
		{4865CB23-0723-40D3-A5C4-57D9C33FD82D}.Release|Any CPU.Build.0 = Release|Any CPU
	EndGlobalSection
	GlobalSection(SolutionProperties) = preSolution
		HideSolutionNode = FALSE
	EndGlobalSection
	GlobalSection(NestedProjects) = preSolution
		{0BC1506A-01E5-455B-B4A9-CF446C1B1022} = {A6969B57-8791-4E82-B862-849C4AEE0017}
		{98EC024C-6439-44B1-8B1E-29E457B2201F} = {A6969B57-8791-4E82-B862-849C4AEE0017}
		{74B1D8A3-B6ED-4ABB-AD01-FFDEFB494A54} = {A6969B57-8791-4E82-B862-849C4AEE0017}
		{894C806A-A4F1-4792-89C9-A02B99C211DA} = {A6969B57-8791-4E82-B862-849C4AEE0017}
		{8747598F-A316-4A39-B232-ADCDB3AE3DE6} = {793EE94F-92C4-4FB8-AD3B-28D4CCB96CA2}
		{8B7BA7D9-B813-4631-8AB1-474D979BD899} = {793EE94F-92C4-4FB8-AD3B-28D4CCB96CA2}
		{FDC4EBB5-8271-415F-8367-E384B5E16F4A} = {7805F82F-8911-43DD-8A05-9E7F92BF0FCA}
		{B0FAFC30-CDE7-41BB-8F35-4EC6B0C656ED} = {CB2A1B38-FBD6-4A7B-9CF7-2A07652A6267}
		{0807DFF2-F829-4265-8F73-26C9B936BA45} = {CB2A1B38-FBD6-4A7B-9CF7-2A07652A6267}
		{48EE3DA8-865B-42B4-8A67-F937C52F5DD9} = {643A7A92-BBBD-4F91-AD86-04106B63FD9D}
		{4865CB23-0723-40D3-A5C4-57D9C33FD82D} = {80BFC388-9C5F-4C46-97E0-49A7A3CF3BA0}
		{354E6099-F5EB-49EE-9B70-FF84229CFB6E} = {28765D60-84B1-4F87-B7EC-A10F0205BF26}
		{E62BC835-F665-4AB7-A894-4EECBEAE3D18} = {28765D60-84B1-4F87-B7EC-A10F0205BF26}
		{C113E21B-7A69-4F5B-95DB-9C51E932509F} = {3922E4E9-091A-4CAD-9406-AE4B6E52F1FF}
		{03EB5C1E-C058-42E4-A871-5AFDC45617E0} = {3922E4E9-091A-4CAD-9406-AE4B6E52F1FF}
	EndGlobalSection
EndGlobal
